[[package]]
name = "asgiref"
version = "3.7.2"
description = "ASGI specs, helper code, and adapters"
category = "main"
optional = false
python-versions = ">=3.7"

[package.extras]
tests = ["pytest", "pytest-asyncio", "mypy (>=0.800)"]

[[package]]
name = "async-timeout"
version = "4.0.3"
description = "Timeout context manager for asyncio programs"
category = "main"
optional = false
python-versions = ">=3.7"

[[package]]
name = "atomicwrites"
version = "1.4.1"
description = "Atomic file writes."
category = "dev"
optional = false
python-versions = ">=2.7, !=3.0.*, !=3.1.*, !=3.2.*, !=3.3.*"

[[package]]
name = "attrs"
version = "23.2.0"
description = "Classes Without Boilerplate"
category = "dev"
optional = false
python-versions = ">=3.7"

[package.extras]
cov = ["attrs", "coverage[toml] (>=5.3)"]
dev = ["attrs", "pre-commit"]
docs = ["furo", "myst-parser", "sphinx", "sphinx-notfound-page", "sphinxcontrib-towncrier", "towncrier", "zope-interface"]
tests = ["attrs", "zope-interface"]
tests-mypy = ["mypy (>=1.6)", "pytest-mypy-plugins"]
tests-no-zope = ["attrs", "cloudpickle", "hypothesis", "pympler", "pytest-xdist", "pytest (>=4.3.0)"]

[[package]]
name = "black"
version = "23.12.1"
description = "The uncompromising code formatter."
category = "dev"
optional = false
python-versions = ">=3.8"

[package.dependencies]
click = ">=8.0.0"
mypy-extensions = ">=0.4.3"
packaging = ">=22.0"
pathspec = ">=0.9.0"
platformdirs = ">=2"

[package.extras]
colorama = ["colorama (>=0.4.3)"]
d = ["aiohttp (>=3.7.4,!=3.9.0)", "aiohttp (>=3.7.4)"]
jupyter = ["ipython (>=7.8.0)", "tokenize-rt (>=3.2.0)"]
uvloop = ["uvloop (>=0.15.2)"]

[[package]]
name = "channels"
version = "4.0.0"
description = "Brings async, event-driven capabilities to Django 3.2 and up."
category = "main"
optional = false
python-versions = ">=3.7"

[package.dependencies]
asgiref = ">=3.5.0,<4"
Django = ">=3.2"

[package.extras]
daphne = ["daphne (>=4.0.0)"]
tests = ["pytest", "pytest-django", "pytest-asyncio", "async-timeout", "coverage (>=4.5,<5.0)"]

[[package]]
name = "channels-redis"
version = "4.2.0"
description = "Redis-backed ASGI channel layer implementation"
category = "main"
optional = false
python-versions = ">=3.8"

[package.dependencies]
asgiref = ">=3.2.10,<4"
channels = "*"
msgpack = ">=1.0,<2.0"
redis = ">=4.6"

[package.extras]
cryptography = ["cryptography (>=1.3.0)"]
tests = ["cryptography (>=1.3.0)", "pytest", "pytest-asyncio", "async-timeout", "pytest-timeout"]

[[package]]
name = "click"
version = "8.1.7"
description = "Composable command line interface toolkit"
category = "dev"
optional = false
python-versions = ">=3.7"

[package.dependencies]
colorama = {version = "*", markers = "platform_system == \"Windows\""}

[[package]]
name = "colorama"
version = "0.4.6"
description = "Cross-platform colored terminal text."
category = "dev"
optional = false
python-versions = "!=3.0.*,!=3.1.*,!=3.2.*,!=3.3.*,!=3.4.*,!=3.5.*,!=3.6.*,>=2.7"

[[package]]
name = "django"
version = "4.2.9"
description = "A high-level Python web framework that encourages rapid development and clean, pragmatic design."
category = "main"
optional = false
python-versions = ">=3.8"

[package.dependencies]
asgiref = ">=3.6.0,<4"
sqlparse = ">=0.3.1"
tzdata = {version = "*", markers = "sys_platform == \"win32\""}

[package.extras]
argon2 = ["argon2-cffi (>=19.1.0)"]
bcrypt = ["bcrypt"]

[[package]]
name = "django-filter"
version = "23.5"
description = "Django-filter is a reusable Django application for allowing users to filter querysets dynamically."
category = "main"
optional = false
python-versions = ">=3.7"

[package.dependencies]
Django = ">=3.2"

[[package]]
name = "django-phonenumber-field"
version = "7.3.0"
description = "An international phone number field for django models."
category = "main"
optional = false
python-versions = ">=3.8"

[package.dependencies]
Django = ">=3.2"
phonenumberslite = {version = ">=7.0.2", optional = true, markers = "extra == \"phonenumberslite\""}

[package.extras]
phonenumbers = ["phonenumbers (>=7.0.2)"]
phonenumberslite = ["phonenumberslite (>=7.0.2)"]

[[package]]
name = "djangorestframework"
version = "3.14.0"
description = "Web APIs for Django, made easy."
category = "main"
optional = false
python-versions = ">=3.6"

[package.dependencies]
django = ">=3.0"
pytz = "*"

[[package]]
name = "djangorestframework-simplejwt"
version = "5.3.1"
description = "A minimal JSON Web Token authentication plugin for Django REST Framework"
category = "main"
optional = false
python-versions = ">=3.8"

[package.dependencies]
django = ">=3.2"
djangorestframework = ">=3.12"
pyjwt = ">=1.7.1,<3"

[package.extras]
test = ["cryptography", "freezegun", "pytest-cov", "pytest-django", "pytest-xdist", "pytest", "tox"]
lint = ["flake8", "pep8", "isort"]
doc = ["Sphinx (>=1.6.5,<2)", "sphinx_rtd_theme (>=0.1.9)"]
dev = ["pytest-watch", "wheel", "twine", "ipython", "cryptography", "freezegun", "pytest-cov", "pytest-django", "pytest-xdist", "pytest", "tox", "flake8", "pep8", "isort", "Sphinx (>=1.6.5,<2)", "sphinx_rtd_theme (>=0.1.9)", "python-jose (==3.3.0)"]
python-jose = ["python-jose (==3.3.0)"]
crypto = ["cryptography (>=3.3.1)"]

[[package]]
name = "drf-extra-fields"
version = "3.7.0"
description = "Additional fields for Django Rest Framework."
category = "main"
optional = false
python-versions = ">=3.7"

[package.dependencies]
Django = ">=2.2"
djangorestframework = ">=3.9.2"
filetype = ">=1.2.0"

[package.extras]
base64imagefield = ["Pillow (>=6.2.1)"]

[[package]]
name = "filetype"
version = "1.2.0"
description = "Infer file type and MIME type of any file/buffer. No external dependencies."
category = "main"
optional = false
python-versions = "*"

[[package]]
name = "gunicorn"
version = "21.2.0"
description = "WSGI HTTP Server for UNIX"
category = "main"
optional = false
python-versions = ">=3.5"

[package.dependencies]
packaging = "*"

[package.extras]
eventlet = ["eventlet (>=0.24.1)"]
gevent = ["gevent (>=1.4.0)"]
setproctitle = ["setproctitle"]
tornado = ["tornado (>=0.2)"]

[[package]]
name = "idna"
version = "3.6"
description = "Internationalized Domain Names in Applications (IDNA)"
category = "main"
optional = false
python-versions = ">=3.5"

[[package]]
name = "more-itertools"
version = "10.2.0"
description = "More routines for operating on iterables, beyond itertools"
category = "dev"
optional = false
python-versions = ">=3.8"

[[package]]
name = "msgpack"
version = "1.0.7"
description = "MessagePack serializer"
category = "main"
optional = false
python-versions = ">=3.8"

[[package]]
name = "mypy-extensions"
version = "1.0.0"
description = "Type system extensions for programs checked with the mypy type checker."
category = "dev"
optional = false
python-versions = ">=3.5"

[[package]]
name = "packaging"
version = "23.2"
description = "Core utilities for Python packages"
category = "main"
optional = false
python-versions = ">=3.7"

[[package]]
name = "pathspec"
version = "0.12.1"
description = "Utility library for gitignore style pattern matching of file paths."
category = "dev"
optional = false
python-versions = ">=3.8"

[[package]]
name = "phonenumberslite"
version = "8.13.27"
description = "Python version of Google's common library for parsing, formatting, storing and validating international phone numbers."
category = "main"
optional = false
python-versions = "*"

[[package]]
name = "pillow"
version = "9.5.0"
description = "Python Imaging Library (Fork)"
category = "main"
optional = false
python-versions = ">=3.7"

[package.extras]
docs = ["furo", "olefile", "sphinx (>=2.4)", "sphinx-copybutton", "sphinx-inline-tabs", "sphinx-removed-in", "sphinxext-opengraph"]
tests = ["check-manifest", "coverage", "defusedxml", "markdown2", "olefile", "packaging", "pyroma", "pytest", "pytest-cov", "pytest-timeout"]

[[package]]
name = "platformdirs"
version = "4.1.0"
description = "A small Python package for determining appropriate platform-specific dirs, e.g. a \"user data dir\"."
category = "dev"
optional = false
python-versions = ">=3.8"

[package.extras]
docs = ["furo (>=2023.7.26)", "proselint (>=0.13)", "sphinx-autodoc-typehints (>=1.24)", "sphinx (>=7.1.1)"]
test = ["appdirs (==1.4.4)", "covdefaults (>=2.3)", "pytest-cov (>=4.1)", "pytest-mock (>=3.11.1)", "pytest (>=7.4)"]

[[package]]
name = "pluggy"
version = "0.13.1"
description = "plugin and hook calling mechanisms for python"
category = "dev"
optional = false
python-versions = ">=2.7, !=3.0.*, !=3.1.*, !=3.2.*, !=3.3.*"

[package.extras]
dev = ["pre-commit", "tox"]

[[package]]
name = "py"
version = "1.11.0"
description = "library with cross-python path, ini-parsing, io, code, log facilities"
category = "dev"
optional = false
python-versions = ">=2.7, !=3.0.*, !=3.1.*, !=3.2.*, !=3.3.*, !=3.4.*"

[[package]]
name = "pyjwt"
version = "2.8.0"
description = "JSON Web Token implementation in Python"
category = "main"
optional = false
python-versions = ">=3.7"

[package.extras]
crypto = ["cryptography (>=3.4.0)"]
dev = ["sphinx (>=4.5.0,<5.0.0)", "sphinx-rtd-theme", "zope.interface", "cryptography (>=3.4.0)", "pytest (>=6.0.0,<7.0.0)", "coverage[toml] (==5.0.4)", "pre-commit"]
docs = ["sphinx (>=4.5.0,<5.0.0)", "sphinx-rtd-theme", "zope.interface"]
tests = ["pytest (>=6.0.0,<7.0.0)", "coverage[toml] (==5.0.4)"]

[[package]]
name = "pytest"
version = "5.4.3"
description = "pytest: simple powerful testing with Python"
category = "dev"
optional = false
python-versions = ">=3.5"

[package.dependencies]
atomicwrites = {version = ">=1.0", markers = "sys_platform == \"win32\""}
attrs = ">=17.4.0"
colorama = {version = "*", markers = "sys_platform == \"win32\""}
more-itertools = ">=4.0.0"
packaging = "*"
pluggy = ">=0.12,<1.0"
py = ">=1.5.0"
wcwidth = "*"

[package.extras]
checkqa-mypy = ["mypy (==v0.761)"]
testing = ["argcomplete", "hypothesis (>=3.56)", "mock", "nose", "requests", "xmlschema"]

[[package]]
name = "python-dotenv"
version = "1.0.0"
description = "Read key-value pairs from a .env file and set them as environment variables"
category = "main"
optional = false
python-versions = ">=3.8"

[package.extras]
cli = ["click (>=5.0)"]

[[package]]
name = "pytz"
version = "2023.3.post1"
description = "World timezone definitions, modern and historical"
category = "main"
optional = false
python-versions = "*"

[[package]]
name = "redis"
version = "5.0.1"
description = "Python client for Redis database and key-value store"
category = "main"
optional = false
python-versions = ">=3.7"

[package.dependencies]
async-timeout = {version = ">=4.0.2", markers = "python_full_version <= \"3.11.2\""}

[package.extras]
hiredis = ["hiredis (>=1.0.0)"]
ocsp = ["cryptography (>=36.0.1)", "pyopenssl (==20.0.1)", "requests (>=2.26.0)"]

[[package]]
name = "sqlparse"
version = "0.4.4"
description = "A non-validating SQL parser."
category = "main"
optional = false
python-versions = ">=3.5"

[package.extras]
dev = ["flake8", "build"]
doc = ["sphinx"]
test = ["pytest", "pytest-cov"]

[[package]]
name = "tzdata"
version = "2023.4"
description = "Provider of IANA time zone data"
category = "main"
optional = false
python-versions = ">=2"

[[package]]
name = "wcwidth"
version = "0.2.13"
description = "Measures the displayed width of unicode strings in a terminal"
category = "dev"
optional = false
python-versions = "*"

[metadata]
lock-version = "1.1"
python-versions = "^3.11"
content-hash = "a89c7efd3d286950c3c84452636618a77252a05b926ea8ad55fe97b2359aae81"

[metadata.files]
asgiref = []
async-timeout = []
atomicwrites = []
attrs = []
black = []
channels = []
channels-redis = []
click = []
colorama = []
django = []
django-filter = []
django-phonenumber-field = []
djangorestframework = []
djangorestframework-simplejwt = []
drf-extra-fields = []
filetype = []
gunicorn = []
idna = []
more-itertools = []
msgpack = []
mypy-extensions = []
packaging = []
pathspec = []
phonenumberslite = []
pillow = []
platformdirs = []
pluggy = []
py = []
pyjwt = []
pytest = []
python-dotenv = []
pytz = []
redis = []
sqlparse = []
tzdata = []
wcwidth = []
